
Microsoft Visual Studio Solution File, Format Version 12.00
# Visual Studio Version 16
VisualStudioVersion = 16.0.31321.278
MinimumVisualStudioVersion = 10.0.40219.1
Project("{FAE04EC0-301F-11D3-BF4B-00C04F79EFBC}") = "sortingProject", "sortingProject\sortingProject.csproj", "{9EE6D440-65DB-4D2B-AB5E-11064ECEDDFA}"
EndProject
Global
	GlobalSection(SolutionConfigurationPlatforms) = preSolution
		Debug|Any CPU = Debug|Any CPU
		Release|Any CPU = Release|Any CPU
	EndGlobalSection
	GlobalSection(ProjectConfigurationPlatforms) = postSolution
		{9EE6D440-65DB-4D2B-AB5E-11064ECEDDFA}.Debug|Any CPU.ActiveCfg = Debug|Any CPU
		{9EE6D440-65DB-4D2B-AB5E-11064ECEDDFA}.Debug|Any CPU.Build.0 = Debug|Any CPU
		{9EE6D440-65DB-4D2B-AB5E-11064ECEDDFA}.Release|Any CPU.ActiveCfg = Release|Any CPU
		{9EE6D440-65DB-4D2B-AB5E-11064ECEDDFA}.Release|Any CPU.Build.0 = Release|Any CPU
	EndGlobalSection
	GlobalSection(SolutionProperties) = preSolution
		HideSolutionNode = FALSE
	EndGlobalSection
	GlobalSection(ExtensibilityGlobals) = postSolution
		SolutionGuid = {F3BD31B9-CD42-4720-9B53-676786BC3873}
	EndGlobalSection
EndGlobal
